
Microsoft Visual Studio Solution File, Format Version 12.00
# Visual Studio Version 17
VisualStudioVersion = 17.3.32825.248
MinimumVisualStudioVersion = 10.0.40219.1
Project("{8BC9CEB8-8B4A-11D0-8D11-00A0C91BC942}") = "Access", "Access\Access.vcxproj", "{788E07AE-BEB8-4EFA-AC8C-8BBE1A92B3DE}"
EndProject
Global
	GlobalSection(SolutionConfigurationPlatforms) = preSolution
		Debug|x64 = Debug|x64
		Debug|x86 = Debug|x86
		Release|x64 = Release|x64
		Release|x86 = Release|x86
	EndGlobalSection
	GlobalSection(ProjectConfigurationPlatforms) = postSolution
		{788E07AE-BEB8-4EFA-AC8C-8BBE1A92B3DE}.Debug|x64.ActiveCfg = Debug|x64
		{788E07AE-BEB8-4EFA-AC8C-8BBE1A92B3DE}.Debug|x64.Build.0 = Debug|x64
		{788E07AE-BEB8-4EFA-AC8C-8BBE1A92B3DE}.Debug|x86.ActiveCfg = Debug|Win32
		{788E07AE-BEB8-4EFA-AC8C-8BBE1A92B3DE}.Debug|x86.Build.0 = Debug|Win32
		{788E07AE-BEB8-4EFA-AC8C-8BBE1A92B3DE}.Release|x64.ActiveCfg = Release|x64
		{788E07AE-BEB8-4EFA-AC8C-8BBE1A92B3DE}.Release|x64.Build.0 = Release|x64
		{788E07AE-BEB8-4EFA-AC8C-8BBE1A92B3DE}.Release|x86.ActiveCfg = Release|Win32
		{788E07AE-BEB8-4EFA-AC8C-8BBE1A92B3DE}.Release|x86.Build.0 = Release|Win32
	EndGlobalSection
	GlobalSection(SolutionProperties) = preSolution
		HideSolutionNode = FALSE
	EndGlobalSection
	GlobalSection(ExtensibilityGlobals) = postSolution
		SolutionGuid = {3865BCF7-521B-42EA-8062-1B1957591748}
	EndGlobalSection
EndGlobal
